{
  "name": "carhistory",
  "version": "1.0.0",
  "lockfileVersion": 3,
  "requires": true,
  "packages": {
    "": {
      "name": "carhistory",
      "version": "1.0.0",
      "license": "ISC",
      "dependencies": {
        "jquery": "^3.2.1",
        "truffle": "^4.1.14",
        "truffle-contract": "^3.0.1",
        "web3": "0.19.0"
      },
      "devDependencies": {}
    },
    "node_modules/ajv": {
      "version": "5.5.2",
      "license": "MIT",
      "dependencies": {
        "co": "^4.6.0",
        "fast-deep-equal": "^1.0.0",
        "fast-json-stable-stringify": "^2.0.0",
        "json-schema-traverse": "^0.3.0"
      }
    },
    "node_modules/ansi-regex": {
      "version": "2.1.1",
      "license": "MIT",
      "engines": {
        "node": ">=0.10.0"
      }
    },
    "node_modules/balanced-match": {
      "version": "1.0.2",
      "license": "MIT"
    },
    "node_modules/bignumber.js": {
      "version": "2.0.7",
      "resolved": "git+ssh://git@github.com/debris/bignumber.js.git#94d7146671b9719e00a09c29b01a691bc85048c2",
      "integrity": "sha512-1Sq86SfY1jHWv5z9UzI8fSPaYsSofIcEk61dfZevQFCk4ugRIAvT4nZZqrWcjU+RR92fqQbuhjyAD4cewQKuvg==",
      "license": "MIT",
      "engines": {
        "node": "*"
      }
    },
    "node_modules/bn.js": {
      "version": "4.11.6",
      "license": "MIT"
    },
    "node_modules/brace-expansion": {
      "version": "1.1.11",
      "license": "MIT",
      "dependencies": {
        "balanced-match": "^1.0.0",
        "concat-map": "0.0.1"
      }
    },
    "node_modules/camelcase": {
      "version": "3.0.0",
      "license": "MIT",
      "engines": {
        "node": ">=0.10.0"
      }
    },
    "node_modules/cliui": {
      "version": "3.2.0",
      "license": "ISC",
      "dependencies": {
        "string-width": "^1.0.1",
        "strip-ansi": "^3.0.1",
        "wrap-ansi": "^2.0.0"
      }
    },
    "node_modules/co": {
      "version": "4.6.0",
      "license": "MIT",
      "engines": {
        "iojs": ">= 1.0.0",
        "node": ">= 0.12.0"
      }
    },
    "node_modules/code-point-at": {
      "version": "1.1.0",
      "license": "MIT",
      "engines": {
        "node": ">=0.10.0"
      }
    },
    "node_modules/concat-map": {
      "version": "0.0.1",
      "license": "MIT"
    },
    "node_modules/crypto-js": {
      "version": "3.3.0",
      "license": "MIT"
    },
    "node_modules/debug": {
      "version": "3.1.0",
      "license": "MIT",
      "dependencies": {
        "ms": "2.0.0"
      }
    },
    "node_modules/decamelize": {
      "version": "1.2.0",
      "license": "MIT",
      "engines": {
        "node": ">=0.10.0"
      }
    },
    "node_modules/diff": {
      "version": "3.3.1",
      "license": "BSD-3-Clause",
      "engines": {
        "node": ">=0.3.1"
      }
    },
    "node_modules/error-ex": {
      "version": "1.3.2",
      "license": "MIT",
      "dependencies": {
        "is-arrayish": "^0.2.1"
      }
    },
    "node_modules/escape-string-regexp": {
      "version": "1.0.5",
      "license": "MIT",
      "engines": {
        "node": ">=0.8.0"
      }
    },
    "node_modules/ethjs-abi": {
      "version": "0.1.8",
      "resolved": "https://registry.npmjs.org/ethjs-abi/-/ethjs-abi-0.1.8.tgz",
      "integrity": "sha512-3SIJpF+LCVJrNht9OjSJ7+3B9ABZf6dEATMj1PaslL0BW547Cz6/kGyuDvvrcEBlSsbGpCWYrJX5B8OjhcAMFQ==",
      "dependencies": {
        "bn.js": "4.11.6",
        "js-sha3": "0.5.5",
        "number-to-bn": "1.7.0"
      },
      "engines": {
        "node": ">=6.5.0",
        "npm": ">=3"
      }
    },
    "node_modules/fast-deep-equal": {
      "version": "1.1.0",
      "license": "MIT"
    },
    "node_modules/fast-json-stable-stringify": {
      "version": "2.1.0",
      "license": "MIT"
    },
    "node_modules/find-up": {
      "version": "1.1.2",
      "license": "MIT",
      "dependencies": {
        "path-exists": "^2.0.0",
        "pinkie-promise": "^2.0.0"
      },
      "engines": {
        "node": ">=0.10.0"
      }
    },
    "node_modules/fs-extra": {
      "version": "0.30.0",
      "license": "MIT",
      "dependencies": {
        "graceful-fs": "^4.1.2",
        "jsonfile": "^2.1.0",
        "klaw": "^1.0.0",
        "path-is-absolute": "^1.0.0",
        "rimraf": "^2.2.8"
      }
    },
    "node_modules/fs.realpath": {
      "version": "1.0.0",
      "license": "ISC"
    },
    "node_modules/function-bind": {
      "version": "1.1.2",
      "license": "MIT",
      "funding": {
        "url": "https://github.com/sponsors/ljharb"
      }
    },
    "node_modules/get-caller-file": {
      "version": "1.0.3",
      "license": "ISC"
    },
    "node_modules/glob": {
      "version": "7.1.2",
      "license": "ISC",
      "dependencies": {
        "fs.realpath": "^1.0.0",
        "inflight": "^1.0.4",
        "inherits": "2",
        "minimatch": "^3.0.4",
        "once": "^1.3.0",
        "path-is-absolute": "^1.0.0"
      },
      "engines": {
        "node": "*"
      }
    },
    "node_modules/graceful-fs": {
      "version": "4.2.11",
      "license": "ISC"
    },
    "node_modules/growl": {
      "version": "1.10.3",
      "license": "MIT",
      "engines": {
        "node": ">=4.x"
      }
    },
    "node_modules/has-flag": {
      "version": "2.0.0",
      "license": "MIT",
      "engines": {
        "node": ">=0.10.0"
      }
    },
    "node_modules/hasown": {
      "version": "2.0.0",
      "license": "MIT",
      "dependencies": {
        "function-bind": "^1.1.2"
      },
      "engines": {
        "node": ">= 0.4"
      }
    },
    "node_modules/he": {
      "version": "1.1.1",
      "license": "MIT",
      "bin": {
        "he": "bin/he"
      }
    },
    "node_modules/hosted-git-info": {
      "version": "2.8.9",
      "license": "ISC"
    },
    "node_modules/inflight": {
      "version": "1.0.6",
      "license": "ISC",
      "dependencies": {
        "once": "^1.3.0",
        "wrappy": "1"
      }
    },
    "node_modules/inherits": {
      "version": "2.0.4",
      "license": "ISC"
    },
    "node_modules/invert-kv": {
      "version": "1.0.0",
      "license": "MIT",
      "engines": {
        "node": ">=0.10.0"
      }
    },
    "node_modules/is-arrayish": {
      "version": "0.2.1",
      "license": "MIT"
    },
    "node_modules/is-core-module": {
      "version": "2.13.1",
      "license": "MIT",
      "dependencies": {
        "hasown": "^2.0.0"
      },
      "funding": {
        "url": "https://github.com/sponsors/ljharb"
      }
    },
    "node_modules/is-fullwidth-code-point": {
      "version": "1.0.0",
      "license": "MIT",
      "dependencies": {
        "number-is-nan": "^1.0.0"
      },
      "engines": {
        "node": ">=0.10.0"
      }
    },
    "node_modules/is-hex-prefixed": {
      "version": "1.0.0",
      "license": "MIT",
      "engines": {
        "node": ">=6.5.0",
        "npm": ">=3"
      }
    },
    "node_modules/is-utf8": {
      "version": "0.2.1",
      "license": "MIT"
    },
    "node_modules/jquery": {
      "version": "3.7.1",
      "resolved": "https://registry.npmjs.org/jquery/-/jquery-3.7.1.tgz",
      "integrity": "sha512-m4avr8yL8kmFN8psrbFFFmB/If14iN5o9nw/NgnnM+kybDJpRsAynV2BsfpTYrTRysYUdADVD7CkUUizgkpLfg=="
    },
    "node_modules/js-sha3": {
      "version": "0.5.5",
      "license": "MIT"
    },
    "node_modules/json-schema-traverse": {
      "version": "0.3.1",
      "license": "MIT"
    },
    "node_modules/jsonfile": {
      "version": "2.4.0",
      "license": "MIT",
      "optionalDependencies": {
        "graceful-fs": "^4.1.6"
      }
    },
    "node_modules/klaw": {
      "version": "1.3.1",
      "license": "MIT",
      "optionalDependencies": {
        "graceful-fs": "^4.1.9"
      }
    },
    "node_modules/lcid": {
      "version": "1.0.0",
      "license": "MIT",
      "dependencies": {
        "invert-kv": "^1.0.0"
      },
      "engines": {
        "node": ">=0.10.0"
      }
    },
    "node_modules/load-json-file": {
      "version": "1.1.0",
      "license": "MIT",
      "dependencies": {
        "graceful-fs": "^4.1.2",
        "parse-json": "^2.2.0",
        "pify": "^2.0.0",
        "pinkie-promise": "^2.0.0",
        "strip-bom": "^2.0.0"
      },
      "engines": {
        "node": ">=0.10.0"
      }
    },
    "node_modules/lodash.assign": {
      "version": "4.2.0",
      "license": "MIT"
    },
    "node_modules/memorystream": {
      "version": "0.3.1",
      "engines": {
        "node": ">= 0.10.0"
      }
    },
    "node_modules/minimatch": {
      "version": "3.1.2",
      "license": "ISC",
      "dependencies": {
        "brace-expansion": "^1.1.7"
      },
      "engines": {
        "node": "*"
      }
    },
    "node_modules/mocha": {
      "version": "4.1.0",
      "resolved": "https://registry.npmjs.org/mocha/-/mocha-4.1.0.tgz",
      "integrity": "sha512-0RVnjg1HJsXY2YFDoTNzcc1NKhYuXKRrBAG2gDygmJJA136Cs2QlRliZG1mA0ap7cuaT30mw16luAeln+4RiNA==",
      "dependencies": {
        "browser-stdout": "1.3.0",
        "commander": "2.11.0",
        "debug": "3.1.0",
        "diff": "3.3.1",
        "escape-string-regexp": "1.0.5",
        "glob": "7.1.2",
        "growl": "1.10.3",
        "he": "1.1.1",
        "mkdirp": "0.5.1",
        "supports-color": "4.4.0"
      },
      "bin": {
        "_mocha": "bin/_mocha",
        "mocha": "bin/mocha"
      },
      "engines": {
        "node": ">= 4.0.0"
      }
    },
    "node_modules/mocha/node_modules/browser-stdout": {
      "version": "1.3.0",
      "resolved": "https://registry.npmjs.org/browser-stdout/-/browser-stdout-1.3.0.tgz",
      "integrity": "sha512-7Rfk377tpSM9TWBEeHs0FlDZGoAIei2V/4MdZJoFMBFAK6BqLpxAIUepGRHGdPFgGsLb02PXovC4qddyHvQqTg=="
    },
    "node_modules/mocha/node_modules/commander": {
      "version": "2.11.0",
      "resolved": "https://registry.npmjs.org/commander/-/commander-2.11.0.tgz",
      "integrity": "sha512-b0553uYA5YAEGgyYIGYROzKQ7X5RAqedkfjiZxwi0kL1g3bOaBNNZfYkzt/CL0umgD5wc9Jec2FbB98CjkMRvQ=="
    },
    "node_modules/mocha/node_modules/minimist": {
      "version": "0.0.8",
      "resolved": "https://registry.npmjs.org/minimist/-/minimist-0.0.8.tgz",
      "integrity": "sha512-miQKw5Hv4NS1Psg2517mV4e4dYNaO3++hjAvLOAzKqZ61rH8NS1SK+vbfBWZ5PY/Me/bEWhUwqMghEW5Fb9T7Q=="
    },
    "node_modules/mocha/node_modules/mkdirp": {
      "version": "0.5.1",
      "resolved": "https://registry.npmjs.org/mkdirp/-/mkdirp-0.5.1.tgz",
      "integrity": "sha512-SknJC52obPfGQPnjIkXbmA6+5H15E+fR+E4iR2oQ3zzCLbd7/ONua69R/Gw7AgkTLsRG+r5fzksYwWe1AgTyWA==",
      "deprecated": "Legacy versions of mkdirp are no longer supported. Please update to mkdirp 1.x. (Note that the API surface has changed to use Promises in 1.x.)",
      "dependencies": {
        "minimist": "0.0.8"
      },
      "bin": {
        "mkdirp": "bin/cmd.js"
      }
    },
    "node_modules/ms": {
      "version": "2.0.0",
      "license": "MIT"
    },
    "node_modules/normalize-package-data": {
      "version": "2.5.0",
      "license": "BSD-2-Clause",
      "dependencies": {
        "hosted-git-info": "^2.1.4",
        "resolve": "^1.10.0",
        "semver": "2 || 3 || 4 || 5",
        "validate-npm-package-license": "^3.0.1"
      }
    },
    "node_modules/number-is-nan": {
      "version": "1.0.1",
      "license": "MIT",
      "engines": {
        "node": ">=0.10.0"
      }
    },
    "node_modules/number-to-bn": {
      "version": "1.7.0",
      "license": "MIT",
      "dependencies": {
        "bn.js": "4.11.6",
        "strip-hex-prefix": "1.0.0"
      },
      "engines": {
        "node": ">=6.5.0",
        "npm": ">=3"
      }
    },
    "node_modules/once": {
      "version": "1.4.0",
      "license": "ISC",
      "dependencies": {
        "wrappy": "1"
      }
    },
    "node_modules/original-require": {
      "version": "1.0.1",
      "license": "MIT"
    },
    "node_modules/os-locale": {
      "version": "1.4.0",
      "license": "MIT",
      "dependencies": {
        "lcid": "^1.0.0"
      },
      "engines": {
        "node": ">=0.10.0"
      }
    },
    "node_modules/parse-json": {
      "version": "2.2.0",
      "license": "MIT",
      "dependencies": {
        "error-ex": "^1.2.0"
      },
      "engines": {
        "node": ">=0.10.0"
      }
    },
    "node_modules/path-exists": {
      "version": "2.1.0",
      "license": "MIT",
      "dependencies": {
        "pinkie-promise": "^2.0.0"
      },
      "engines": {
        "node": ">=0.10.0"
      }
    },
    "node_modules/path-is-absolute": {
      "version": "1.0.1",
      "license": "MIT",
      "engines": {
        "node": ">=0.10.0"
      }
    },
    "node_modules/path-parse": {
      "version": "1.0.7",
      "license": "MIT"
    },
    "node_modules/path-type": {
      "version": "1.1.0",
      "license": "MIT",
      "dependencies": {
        "graceful-fs": "^4.1.2",
        "pify": "^2.0.0",
        "pinkie-promise": "^2.0.0"
      },
      "engines": {
        "node": ">=0.10.0"
      }
    },
    "node_modules/pify": {
      "version": "2.3.0",
      "license": "MIT",
      "engines": {
        "node": ">=0.10.0"
      }
    },
    "node_modules/pinkie": {
      "version": "2.0.4",
      "license": "MIT",
      "engines": {
        "node": ">=0.10.0"
      }
    },
    "node_modules/pinkie-promise": {
      "version": "2.0.1",
      "license": "MIT",
      "dependencies": {
        "pinkie": "^2.0.0"
      },
      "engines": {
        "node": ">=0.10.0"
      }
    },
    "node_modules/read-pkg": {
      "version": "1.1.0",
      "license": "MIT",
      "dependencies": {
        "load-json-file": "^1.0.0",
        "normalize-package-data": "^2.3.2",
        "path-type": "^1.0.0"
      },
      "engines": {
        "node": ">=0.10.0"
      }
    },
    "node_modules/read-pkg-up": {
      "version": "1.0.1",
      "license": "MIT",
      "dependencies": {
        "find-up": "^1.0.0",
        "read-pkg": "^1.0.0"
      },
      "engines": {
        "node": ">=0.10.0"
      }
    },
    "node_modules/require-directory": {
      "version": "2.1.1",
      "license": "MIT",
      "engines": {
        "node": ">=0.10.0"
      }
    },
    "node_modules/require-from-string": {
      "version": "1.2.1",
      "license": "MIT",
      "engines": {
        "node": ">=0.10.0"
      }
    },
    "node_modules/require-main-filename": {
      "version": "1.0.1",
      "license": "ISC"
    },
    "node_modules/resolve": {
      "version": "1.22.8",
      "license": "MIT",
      "dependencies": {
        "is-core-module": "^2.13.0",
        "path-parse": "^1.0.7",
        "supports-preserve-symlinks-flag": "^1.0.0"
      },
      "bin": {
        "resolve": "bin/resolve"
      },
      "funding": {
        "url": "https://github.com/sponsors/ljharb"
      }
    },
    "node_modules/rimraf": {
      "version": "2.7.1",
      "license": "ISC",
      "dependencies": {
        "glob": "^7.1.3"
      },
      "bin": {
        "rimraf": "bin.js"
      }
    },
    "node_modules/rimraf/node_modules/glob": {
      "version": "7.2.3",
      "license": "ISC",
      "dependencies": {
        "fs.realpath": "^1.0.0",
        "inflight": "^1.0.4",
        "inherits": "2",
        "minimatch": "^3.1.1",
        "once": "^1.3.0",
        "path-is-absolute": "^1.0.0"
      },
      "engines": {
        "node": "*"
      },
      "funding": {
        "url": "https://github.com/sponsors/isaacs"
      }
    },
    "node_modules/semver": {
      "version": "5.7.2",
      "license": "ISC",
      "bin": {
        "semver": "bin/semver"
      }
    },
    "node_modules/set-blocking": {
      "version": "2.0.0",
      "license": "ISC"
    },
    "node_modules/solc": {
      "version": "0.4.26",
      "license": "MIT",
      "dependencies": {
        "fs-extra": "^0.30.0",
        "memorystream": "^0.3.1",
        "require-from-string": "^1.1.0",
        "semver": "^5.3.0",
        "yargs": "^4.7.1"
      },
      "bin": {
        "solcjs": "solcjs"
      }
    },
    "node_modules/spdx-correct": {
      "version": "3.2.0",
      "license": "Apache-2.0",
      "dependencies": {
        "spdx-expression-parse": "^3.0.0",
        "spdx-license-ids": "^3.0.0"
      }
    },
    "node_modules/spdx-exceptions": {
      "version": "2.3.0",
      "license": "CC-BY-3.0"
    },
    "node_modules/spdx-expression-parse": {
      "version": "3.0.1",
      "license": "MIT",
      "dependencies": {
        "spdx-exceptions": "^2.1.0",
        "spdx-license-ids": "^3.0.0"
      }
    },
    "node_modules/spdx-license-ids": {
      "version": "3.0.16",
      "license": "CC0-1.0"
    },
    "node_modules/string-width": {
      "version": "1.0.2",
      "license": "MIT",
      "dependencies": {
        "code-point-at": "^1.0.0",
        "is-fullwidth-code-point": "^1.0.0",
        "strip-ansi": "^3.0.0"
      },
      "engines": {
        "node": ">=0.10.0"
      }
    },
    "node_modules/strip-ansi": {
      "version": "3.0.1",
      "license": "MIT",
      "dependencies": {
        "ansi-regex": "^2.0.0"
      },
      "engines": {
        "node": ">=0.10.0"
      }
    },
    "node_modules/strip-bom": {
      "version": "2.0.0",
      "license": "MIT",
      "dependencies": {
        "is-utf8": "^0.2.0"
      },
      "engines": {
        "node": ">=0.10.0"
      }
    },
    "node_modules/strip-hex-prefix": {
      "version": "1.0.0",
      "license": "MIT",
      "dependencies": {
        "is-hex-prefixed": "1.0.0"
      },
      "engines": {
        "node": ">=6.5.0",
        "npm": ">=3"
      }
    },
    "node_modules/supports-color": {
      "version": "4.4.0",
      "license": "MIT",
      "dependencies": {
        "has-flag": "^2.0.0"
      },
      "engines": {
        "node": ">=4"
      }
    },
    "node_modules/supports-preserve-symlinks-flag": {
      "version": "1.0.0",
      "license": "MIT",
      "engines": {
        "node": ">= 0.4"
      },
      "funding": {
        "url": "https://github.com/sponsors/ljharb"
      }
    },
    "node_modules/truffle": {
      "version": "4.1.17",
      "resolved": "https://registry.npmjs.org/truffle/-/truffle-4.1.17.tgz",
      "integrity": "sha512-fS2K+atOogBL6VhB9A4/TSl97Mt2qaPuQMFd6UfvLQyNp1xBcXu/LQgudwX/Bdu8KGjGQuYLZiuUv0MzK+a74A==",
      "dependencies": {
        "mocha": "^4.1.0",
        "original-require": "1.0.1",
        "solc": "0.4.26"
      },
      "bin": {
        "truffle": "build/cli.bundled.js"
      }
    },
    "node_modules/truffle-blockchain-utils": {
      "version": "0.0.5",
      "license": "MIT"
    },
    "node_modules/truffle-contract": {
      "version": "3.0.8",
      "resolved": "https://registry.npmjs.org/truffle-contract/-/truffle-contract-3.0.8.tgz",
      "integrity": "sha512-uhXb/G4dORU4RjFlwZZbFT0n5BS8akify+MaRsnWWs4SA/bo6x4/bQs1xtdO3b5Cl9nXiOX88wdQzRj3xtPVUg==",
      "deprecated": "WARNING: This package has been renamed to @truffle/contract.",
      "dependencies": {
        "ethjs-abi": "0.1.8",
        "truffle-blockchain-utils": "^0.0.5",
        "truffle-contract-schema": "^2.0.3",
        "truffle-error": "^0.0.3",
        "web3": "0.20.6"
      }
    },
    "node_modules/truffle-contract-schema": {
      "version": "2.0.3",
      "resolved": "https://registry.npmjs.org/truffle-contract-schema/-/truffle-contract-schema-2.0.3.tgz",
      "integrity": "sha512-eI5cFifbB3zpcO4RsXSnjN9JMSlJ4M50GQPdrfbrIXRTXHsyQ433SkgFjIATUwfq++TXWkCRfKMjN8eA7YQ3+Q==",
      "deprecated": "WARNING: This package has been renamed to @truffle/contract-schema.",
      "dependencies": {
        "ajv": "^5.1.1",
        "crypto-js": "^3.1.9-1",
        "debug": "^3.1.0"
      }
    },
    "node_modules/truffle-contract/node_modules/bignumber.js": {
      "version": "2.0.7",
      "resolved": "git+ssh://git@github.com/frozeman/bignumber.js-nolookahead.git#57692b3ecfc98bbdd6b3a516cb2353652ea49934",
      "license": "MIT",
      "engines": {
        "node": "*"
      }
    },
    "node_modules/truffle-contract/node_modules/web3": {
      "version": "0.20.6",
      "resolved": "https://registry.npmjs.org/web3/-/web3-0.20.6.tgz",
      "integrity": "sha512-diON1+Y8sPQ33htuTMZfyo+qlsmCBSYwi+MVTRneS8anqZUaTrGaBkTpPkPUvfX1X+NK+Y2spLaaei3HfXeSuw==",
      "dependencies": {
        "bignumber.js": "git+https://github.com/frozeman/bignumber.js-nolookahead.git",
        "crypto-js": "^3.1.4",
        "utf8": "^2.1.1",
        "xhr2": "*",
        "xmlhttprequest": "*"
      }
    },
    "node_modules/truffle-error": {
      "version": "0.0.3",
      "license": "MIT"
    },
    "node_modules/utf8": {
      "version": "2.1.2",
      "license": "MIT"
    },
    "node_modules/validate-npm-package-license": {
      "version": "3.0.4",
      "license": "Apache-2.0",
      "dependencies": {
        "spdx-correct": "^3.0.0",
        "spdx-expression-parse": "^3.0.0"
      }
    },
    "node_modules/web3": {
      "version": "0.19.0",
      "resolved": "https://registry.npmjs.org/web3/-/web3-0.19.0.tgz",
      "integrity": "sha512-ynxToy84PJYJRBixh/DpwTDFQRFn3NMxNgA3OI1TYiWzQDI8smRj6DqdraYcMKQQwjGNTShSutGNgoSlH1QQnA==",
      "dependencies": {
        "bignumber.js": "git+https://github.com/debris/bignumber.js.git#94d7146671b9719e00a09c29b01a691bc85048c2",
        "crypto-js": "^3.1.4",
        "utf8": "^2.1.1",
        "xhr2": "*",
        "xmlhttprequest": "*"
      }
    },
    "node_modules/which-module": {
      "version": "1.0.0",
      "license": "ISC"
    },
    "node_modules/window-size": {
      "version": "0.2.0",
      "license": "MIT",
      "bin": {
        "window-size": "cli.js"
      },
      "engines": {
        "node": ">= 0.10.0"
      }
    },
    "node_modules/wrap-ansi": {
      "version": "2.1.0",
      "license": "MIT",
      "dependencies": {
        "string-width": "^1.0.1",
        "strip-ansi": "^3.0.1"
      },
      "engines": {
        "node": ">=0.10.0"
      }
    },
    "node_modules/wrappy": {
      "version": "1.0.2",
      "license": "ISC"
    },
    "node_modules/xhr2": {
      "version": "0.2.1",
      "license": "MIT",
      "engines": {
        "node": ">= 6"
      }
    },
    "node_modules/xmlhttprequest": {
      "version": "1.8.0",
      "license": "MIT",
      "engines": {
        "node": ">=0.4.0"
      }
    },
    "node_modules/y18n": {
      "version": "3.2.2",
      "license": "ISC"
    },
    "node_modules/yargs": {
      "version": "4.8.1",
      "license": "MIT",
      "dependencies": {
        "cliui": "^3.2.0",
        "decamelize": "^1.1.1",
        "get-caller-file": "^1.0.1",
        "lodash.assign": "^4.0.3",
        "os-locale": "^1.4.0",
        "read-pkg-up": "^1.0.1",
        "require-directory": "^2.1.1",
        "require-main-filename": "^1.0.1",
        "set-blocking": "^2.0.0",
        "string-width": "^1.0.1",
        "which-module": "^1.0.0",
        "window-size": "^0.2.0",
        "y18n": "^3.2.1",
        "yargs-parser": "^2.4.1"
      }
    },
    "node_modules/yargs-parser": {
      "version": "2.4.1",
      "license": "ISC",
      "dependencies": {
        "camelcase": "^3.0.0",
        "lodash.assign": "^4.0.6"
      }
    }
  }
}
